
Microsoft Visual Studio Solution File, Format Version 12.00
# Visual Studio Version 17
VisualStudioVersion = 17.2.32630.192
MinimumVisualStudioVersion = 10.0.40219.1
Project("{9A19103F-16F7-4668-BE54-9A1E7A4F7556}") = "DirectoryScanner.Core", "DirectoryScanner.Core\DirectoryScanner.Core.csproj", "{33E653CC-2182-470C-A964-F4370CAF0608}"
EndProject
Project("{9A19103F-16F7-4668-BE54-9A1E7A4F7556}") = "DirectoryScanner.Tests", "DirectoryScanner.Tests\DirectoryScanner.Tests.csproj", "{245CAB17-7EFD-4B7B-9A5E-9D4CC2C6E2F3}"
EndProject
Project("{FAE04EC0-301F-11D3-BF4B-00C04F79EFBC}") = "DirectoryScanner.WPF", "DirectoryScanner.WPF\DirectoryScanner.WPF.csproj", "{69D87319-EEBC-4C2F-A3AD-A091BD8918B8}"
EndProject
Global
	GlobalSection(SolutionConfigurationPlatforms) = preSolution
		Debug|Any CPU = Debug|Any CPU
		Release|Any CPU = Release|Any CPU
	EndGlobalSection
	GlobalSection(ProjectConfigurationPlatforms) = postSolution
		{33E653CC-2182-470C-A964-F4370CAF0608}.Debug|Any CPU.ActiveCfg = Debug|Any CPU
		{33E653CC-2182-470C-A964-F4370CAF0608}.Debug|Any CPU.Build.0 = Debug|Any CPU
		{33E653CC-2182-470C-A964-F4370CAF0608}.Release|Any CPU.ActiveCfg = Release|Any CPU
		{33E653CC-2182-470C-A964-F4370CAF0608}.Release|Any CPU.Build.0 = Release|Any CPU
		{245CAB17-7EFD-4B7B-9A5E-9D4CC2C6E2F3}.Debug|Any CPU.ActiveCfg = Debug|Any CPU
		{245CAB17-7EFD-4B7B-9A5E-9D4CC2C6E2F3}.Debug|Any CPU.Build.0 = Debug|Any CPU
		{245CAB17-7EFD-4B7B-9A5E-9D4CC2C6E2F3}.Release|Any CPU.ActiveCfg = Release|Any CPU
		{245CAB17-7EFD-4B7B-9A5E-9D4CC2C6E2F3}.Release|Any CPU.Build.0 = Release|Any CPU
		{69D87319-EEBC-4C2F-A3AD-A091BD8918B8}.Debug|Any CPU.ActiveCfg = Debug|Any CPU
		{69D87319-EEBC-4C2F-A3AD-A091BD8918B8}.Debug|Any CPU.Build.0 = Debug|Any CPU
		{69D87319-EEBC-4C2F-A3AD-A091BD8918B8}.Release|Any CPU.ActiveCfg = Release|Any CPU
		{69D87319-EEBC-4C2F-A3AD-A091BD8918B8}.Release|Any CPU.Build.0 = Release|Any CPU
	EndGlobalSection
	GlobalSection(SolutionProperties) = preSolution
		HideSolutionNode = FALSE
	EndGlobalSection
	GlobalSection(ExtensibilityGlobals) = postSolution
		SolutionGuid = {5BF63A3B-25C6-4F3A-B8B2-8DB0395E62EC}
	EndGlobalSection
EndGlobal
